github.com/swaggest/assertjson v1.10.0 h1:OYIx29UbgqjwAekKbeIO8T0XbAMyViJ8qqrVj2GQY2M=
github.com/swaggest/assertjson v1.10.0/go.mod h1:31+ufMpzrCO/daIRZ4s1UZAA1R2q9EEUfJaoczgAty8=
github.com/yosuke-furukawa/json5 v0.1.2-0.20201207051438-cf7bb3f354ff h1:7YqG491bE4vstXRz1lD38rbSgbXnirvROz1lZiOnPO8=
github.com/yosuke-furukawa/json5 v0.1.2-0.20201207051438-cf7bb3f354ff/go.mod h1:sw49aWDqNdRJ6DYUtIQiaA3xyj2IL9tjeNYmX2ixwcU=
